
Microsoft Visual Studio Solution File, Format Version 12.00
# Visual Studio 15
VisualStudioVersion = 15.0.26020.0
MinimumVisualStudioVersion = 10.0.40219.1
Project("{FAE04EC0-301F-11D3-BF4B-00C04F79EFBC}") = "dnd", "dnd\dnd.csproj", "{D4A5C7A4-7322-41C3-8596-9428BF695A7F}"
EndProject
Project("{FAE04EC0-301F-11D3-BF4B-00C04F79EFBC}") = "dnd.Tests", "dnd.Tests\dnd.Tests.csproj", "{406FFD91-E527-45CC-A2FE-798FAD2CE584}"
EndProject
Project("{FAE04EC0-301F-11D3-BF4B-00C04F79EFBC}") = "DataAccess", "DataAccess\DataAccess.csproj", "{C3D8BBD6-55A2-4EA1-8236-72E7C7C545D7}"
EndProject
Project("{FAE04EC0-301F-11D3-BF4B-00C04F79EFBC}") = "Business", "Business\Business.csproj", "{C4E35307-D854-43DE-8247-2F515CEF7841}"
EndProject
Global
	GlobalSection(SolutionConfigurationPlatforms) = preSolution
		Debug|Any CPU = Debug|Any CPU
		Release|Any CPU = Release|Any CPU
	EndGlobalSection
	GlobalSection(ProjectConfigurationPlatforms) = postSolution
		{D4A5C7A4-7322-41C3-8596-9428BF695A7F}.Debug|Any CPU.ActiveCfg = Debug|Any CPU
		{D4A5C7A4-7322-41C3-8596-9428BF695A7F}.Debug|Any CPU.Build.0 = Debug|Any CPU
		{D4A5C7A4-7322-41C3-8596-9428BF695A7F}.Release|Any CPU.ActiveCfg = Release|Any CPU
		{D4A5C7A4-7322-41C3-8596-9428BF695A7F}.Release|Any CPU.Build.0 = Release|Any CPU
		{406FFD91-E527-45CC-A2FE-798FAD2CE584}.Debug|Any CPU.ActiveCfg = Debug|Any CPU
		{406FFD91-E527-45CC-A2FE-798FAD2CE584}.Debug|Any CPU.Build.0 = Debug|Any CPU
		{406FFD91-E527-45CC-A2FE-798FAD2CE584}.Release|Any CPU.ActiveCfg = Release|Any CPU
		{406FFD91-E527-45CC-A2FE-798FAD2CE584}.Release|Any CPU.Build.0 = Release|Any CPU
		{C3D8BBD6-55A2-4EA1-8236-72E7C7C545D7}.Debug|Any CPU.ActiveCfg = Debug|Any CPU
		{C3D8BBD6-55A2-4EA1-8236-72E7C7C545D7}.Debug|Any CPU.Build.0 = Debug|Any CPU
		{C3D8BBD6-55A2-4EA1-8236-72E7C7C545D7}.Release|Any CPU.ActiveCfg = Release|Any CPU
		{C3D8BBD6-55A2-4EA1-8236-72E7C7C545D7}.Release|Any CPU.Build.0 = Release|Any CPU
		{C4E35307-D854-43DE-8247-2F515CEF7841}.Debug|Any CPU.ActiveCfg = Debug|Any CPU
		{C4E35307-D854-43DE-8247-2F515CEF7841}.Debug|Any CPU.Build.0 = Debug|Any CPU
		{C4E35307-D854-43DE-8247-2F515CEF7841}.Release|Any CPU.ActiveCfg = Release|Any CPU
		{C4E35307-D854-43DE-8247-2F515CEF7841}.Release|Any CPU.Build.0 = Release|Any CPU
	EndGlobalSection
	GlobalSection(SolutionProperties) = preSolution
		HideSolutionNode = FALSE
	EndGlobalSection
EndGlobal
